Microsoft Visual Studio Solution File, Format Version 12.00
# Visual Studio 14
VisualStudioVersion = 14.0.25420.1
MinimumVisualStudioVersion = 10.0.40219.1
Project("{2150E333-8FDC-42A3-9474-1A3956D46DE8}") = ".paket", ".paket", "{C6C5F6CA-5FA8-43DB-AFB4-940F16967C50}"
	ProjectSection(SolutionItems) = preProject
		paket.dependencies = paket.dependencies
		paket.lock = paket.lock
	EndProjectSection
EndProject
Project("{F2A71F9B-5D33-465A-A702-920D77279786}") = "Amazingant.FSharp.TypeExpansion", "Source\Amazingant.FSharp.TypeExpansion\Amazingant.FSharp.TypeExpansion.fsproj", "{B29F3323-57E6-4358-BD02-FE5E447BC925}"
EndProject
Project("{2150E333-8FDC-42A3-9474-1A3956D46DE8}") = "Solution Items", "Solution Items", "{9ED215B9-E259-4B5C-AAC4-ECE8CF1D896C}"
	ProjectSection(SolutionItems) = preProject
		.gitattributes = .gitattributes
		.gitignore = .gitignore
		build.cmd = build.cmd
		build.fsx = build.fsx
		README.md = README.md
		RELEASE_NOTES.md = RELEASE_NOTES.md
	EndProjectSection
EndProject
Project("{F2A71F9B-5D33-465A-A702-920D77279786}") = "Amazingant.FSharp.TypeExpansion.Attributes", "Source\Amazingant.FSharp.TypeExpansion.Attributes\Amazingant.FSharp.TypeExpansion.Attributes.fsproj", "{BC174D36-42EA-46DD-B7C5-2306317E75FF}"
EndProject
Global
	GlobalSection(SolutionConfigurationPlatforms) = preSolution
		Debug|AnyCPU = Debug|AnyCPU
		Release|AnyCPU = Release|AnyCPU
	EndGlobalSection
	GlobalSection(ProjectConfigurationPlatforms) = postSolution
		{B29F3323-57E6-4358-BD02-FE5E447BC925}.Debug|AnyCPU.ActiveCfg = Debug|Any CPU
		{B29F3323-57E6-4358-BD02-FE5E447BC925}.Debug|AnyCPU.Build.0 = Debug|Any CPU
		{B29F3323-57E6-4358-BD02-FE5E447BC925}.Release|AnyCPU.ActiveCfg = Release|Any CPU
		{B29F3323-57E6-4358-BD02-FE5E447BC925}.Release|AnyCPU.Build.0 = Release|Any CPU
		{BC174D36-42EA-46DD-B7C5-2306317E75FF}.Debug|AnyCPU.ActiveCfg = Debug|Any CPU
		{BC174D36-42EA-46DD-B7C5-2306317E75FF}.Debug|AnyCPU.Build.0 = Debug|Any CPU
		{BC174D36-42EA-46DD-B7C5-2306317E75FF}.Release|AnyCPU.ActiveCfg = Release|Any CPU
		{BC174D36-42EA-46DD-B7C5-2306317E75FF}.Release|AnyCPU.Build.0 = Release|Any CPU
	EndGlobalSection
	GlobalSection(SolutionProperties) = preSolution
		HideSolutionNode = FALSE
	EndGlobalSection
EndGlobal
